// !$*UTF8*$!
{
	archiveVersion = 1;
	classes = {
	};
	objectVersion = 46;
	objects = {

/* Begin PBXContainerItemProxy section */
		06EE75FE1DF66DF30016769C /* PBXContainerItemProxy */ = {
			isa = PBXContainerItemProxy;
			containerPortal = 06EE75DB1DF66DF30016769C /* Project object */;
			proxyType = 1;
			remoteGlobalIDString = 06EE75E21DF66DF30016769C;
			remoteInfo = JFGame;
		};
		06EE76091DF66DF30016769C /* PBXContainerItemProxy */ = {
			isa = PBXContainerItemProxy;
			containerPortal = 06EE75DB1DF66DF30016769C /* Project object */;
			proxyType = 1;
			remoteGlobalIDString = 06EE75E21DF66DF30016769C;
			remoteInfo = JFGame;
		};
/* End PBXContainerItemProxy section */

/* Begin PBXFileReference section */
		06EE75E31DF66DF30016769C /* JFGame.app */ = {isa = PBXFileReference; explicitFileType = wrapper.application; includeInIndex = 0; name = JFGame.app; path = "/Users/johnfrye/Developer/iOS Projects/JFGame/build/Debug-iphoneos/JFGame.app"; sourceTree = "<absolute>"; };
		06EE761A1DF671FE0016769C /* JFGameTests.xctest */ = {isa = PBXFileReference; explicitFileType = wrapper.cfbundle; includeInIndex = 0; name = JFGameTests.xctest; path = "/Users/johnfrye/Developer/iOS Projects/JFGame/build/Debug-iphoneos/JFGameTests.xctest"; sourceTree = "<absolute>"; };
		06EE761B1DF671FE0016769C /* JFGameUITests.xctest */ = {isa = PBXFileReference; explicitFileType = wrapper.cfbundle; includeInIndex = 0; name = JFGameUITests.xctest; path = "/Users/johnfrye/Developer/iOS Projects/JFGame/build/Debug-iphoneos/JFGameUITests.xctest"; sourceTree = "<absolute>"; };
/* End PBXFileReference section */

/* Begin PBXFrameworksBuildPhase section */
		06EE75E01DF66DF30016769C /* Frameworks */ = {
			isa = PBXFrameworksBuildPhase;
			buildActionMask = 2147483647;
			files = (
			);
			runOnlyForDeploymentPostprocessing = 0;
		};
		06EE75FA1DF66DF30016769C /* Frameworks */ = {
			isa = PBXFrameworksBuildPhase;
			buildActionMask = 2147483647;
			files = (
			);
			runOnlyForDeploymentPostprocessing = 0;
		};
		06EE76051DF66DF30016769C /* Frameworks */ = {
			isa = PBXFrameworksBuildPhase;
			buildActionMask = 2147483647;
			files = (
			);
			runOnlyForDeploymentPostprocessing = 0;
		};
/* End PBXFrameworksBuildPhase section */

/* Begin PBXGroup section */
		06EE75DA1DF66DF30016769C = {
			isa = PBXGroup;
			children = (
			);
			sourceTree = "<group>";
		};
/* End PBXGroup section */

/* Begin PBXNativeTarget section */
		06EE75E21DF66DF30016769C /* JFGame */ = {
			isa = PBXNativeTarget;
			buildConfigurationList = 06EE76111DF66DF30016769C /* Build configuration list for PBXNativeTarget "JFGame" */;
			buildPhases = (
				06EE75DF1DF66DF30016769C /* Sources */,
				06EE75E01DF66DF30016769C /* Frameworks */,
				06EE75E11DF66DF30016769C /* Resources */,
			);
			buildRules = (
			);
			dependencies = (
			);
			name = JFGame;
			productName = JFGame;
			productReference = 06EE75E31DF66DF30016769C /* JFGame.app */;
			productType = "com.apple.product-type.application";
		};
		06EE75FC1DF66DF30016769C /* JFGameTests */ = {
			isa = PBXNativeTarget;
			buildConfigurationList = 06EE76141DF66DF30016769C /* Build configuration list for PBXNativeTarget "JFGameTests" */;
			buildPhases = (
				06EE75F91DF66DF30016769C /* Sources */,
				06EE75FA1DF66DF30016769C /* Frameworks */,
				06EE75FB1DF66DF30016769C /* Resources */,
			);
			buildRules = (
			);
			dependencies = (
				06EE75FF1DF66DF30016769C /* PBXTargetDependency */,
			);
			name = JFGameTests;
			productName = JFGameTests;
			productReference = 06EE761A1DF671FE0016769C /* JFGameTests.xctest */;
			productType = "com.apple.product-type.bundle.unit-test";
		};
		06EE76071DF66DF30016769C /* JFGameUITests */ = {
			isa = PBXNativeTarget;
			buildConfigurationList = 06EE76171DF66DF30016769C /* Build configuration list for PBXNativeTarget "JFGameUITests" */;
			buildPhases = (
				06EE76041DF66DF30016769C /* Sources */,
				06EE76051DF66DF30016769C /* Frameworks */,
				06EE76061DF66DF30016769C /* Resources */,
			);
			buildRules = (
			);
			dependencies = (
				06EE760A1DF66DF30016769C /* PBXTargetDependency */,
			);
			name = JFGameUITests;
			productName = JFGameUITests;
			productReference = 06EE761B1DF671FE0016769C /* JFGameUITests.xctest */;
			productType = "com.apple.product-type.bundle.ui-testing";
		};
/* End PBXNativeTarget section */

/* Begin PBXProject section */
		06EE75DB1DF66DF30016769C /* Project object */ = {
			isa = PBXProject;
			attributes = {
				LastSwiftUpdateCheck = 0800;
				LastUpgradeCheck = 0800;
				ORGANIZATIONNAME = "John Frye";
				TargetAttributes = {
					06EE75E21DF66DF30016769C = {
						CreatedOnToolsVersion = 8.0;
						DevelopmentTeam = V7BN5C929S;
						ProvisioningStyle = Automatic;
					};
					06EE75FC1DF66DF30016769C = {
						CreatedOnToolsVersion = 8.0;
						DevelopmentTeam = V7BN5C929S;
						ProvisioningStyle = Automatic;
						TestTargetID = 06EE75E21DF66DF30016769C;
					};
					06EE76071DF66DF30016769C = {
						CreatedOnToolsVersion = 8.0;
						DevelopmentTeam = V7BN5C929S;
						ProvisioningStyle = Automatic;
						TestTargetID = 06EE75E21DF66DF30016769C;
					};
				};
			};
			buildConfigurationList = 06EE75DE1DF66DF30016769C /* Build configuration list for PBXProject "JFGame" */;
			compatibilityVersion = "Xcode 3.2";
			developmentRegion = English;
			hasScannedForEncodings = 0;
			knownRegions = (
				en,
				Base,
			);
			mainGroup = 06EE75DA1DF66DF30016769C;
			productRefGroup = 06EE75DA1DF66DF30016769C;
			projectDirPath = "";
			projectRoot = "";
			targets = (
				06EE75E21DF66DF30016769C /* JFGame */,
				06EE75FC1DF66DF30016769C /* JFGameTests */,
				06EE76071DF66DF30016769C /* JFGameUITests */,
			);
		};
/* End PBXProject section */

/* Begin PBXResourcesBuildPhase section */
		06EE75E11DF66DF30016769C /* Resources */ = {
			isa = PBXResourcesBuildPhase;
			buildActionMask = 2147483647;
			files = (
			);
			runOnlyForDeploymentPostprocessing = 0;
		};
		06EE75FB1DF66DF30016769C /* Resources */ = {
			isa = PBXResourcesBuildPhase;
			buildActionMask = 2147483647;
			files = (
			);
			runOnlyForDeploymentPostprocessing = 0;
		};
		06EE76061DF66DF30016769C /* Resources */ = {
			isa = PBXResourcesBuildPhase;
			buildActionMask = 2147483647;
			files = (
			);
			runOnlyForDeploymentPostprocessing = 0;
		};
/* End PBXResourcesBuildPhase section */

/* Begin PBXSourcesBuildPhase section */
		06EE75DF1DF66DF30016769C /* Sources */ = {
			isa = PBXSourcesBuildPhase;
			buildActionMask = 2147483647;
			files = (
			);
			runOnlyForDeploymentPostprocessing = 0;
		};
		06EE75F91DF66DF30016769C /* Sources */ = {
			isa = PBXSourcesBuildPhase;
			buildActionMask = 2147483647;
			files = (
			);
			runOnlyForDeploymentPostprocessing = 0;
		};
		06EE76041DF66DF30016769C /* Sources */ = {
			isa = PBXSourcesBuildPhase;
			buildActionMask = 2147483647;
			files = (
			);
			runOnlyForDeploymentPostprocessing = 0;
		};
/* End PBXSourcesBuildPhase section */

/* Begin PBXTargetDependency section */
		06EE75FF1DF66DF30016769C /* PBXTargetDependency */ = {
			isa = PBXTargetDependency;
			target = 06EE75E21DF66DF30016769C /* JFGame */;
			targetProxy = 06EE75FE1DF66DF30016769C /* PBXContainerItemProxy */;
		};
		06EE760A1DF66DF30016769C /* PBXTargetDependency */ = {
			isa = PBXTargetDependency;
			target = 06EE75E21DF66DF30016769C /* JFGame */;
			targetProxy = 06EE76091DF66DF30016769C /* PBXContainerItemProxy */;
		};
/* End PBXTargetDependency section */

/* Begin XCBuildConfiguration section */
		06EE760F1DF66DF30016769C /* Debug */ = {
			isa = XCBuildConfiguration;
			buildSettings = {
				ALWAYS_SEARCH_USER_PATHS = NO;
				CLANG_ANALYZER_NONNULL = YES;
				CLANG_CXX_LANGUAGE_STANDARD = "gnu++0x";
				CLANG_CXX_LIBRARY = "libc++";
				CLANG_ENABLE_MODULES = YES;
				CLANG_ENABLE_OBJC_ARC = YES;
				CLANG_WARN_BOOL_CONVERSION = YES;
				CLANG_WARN_CONSTANT_CONVERSION = YES;
				CLANG_WARN_DIRECT_OBJC_ISA_USAGE = YES_ERROR;
				CLANG_WARN_DOCUMENTATION_COMMENTS = YES;
				CLANG_WARN_EMPTY_BODY = YES;
				CLANG_WARN_ENUM_CONVERSION = YES;
				CLANG_WARN_INFINITE_RECURSION = YES;
				CLANG_WARN_INT_CONVERSION = YES;
				CLANG_WARN_OBJC_ROOT_CLASS = YES_ERROR;
				CLANG_WARN_SUSPICIOUS_MOVES = YES;
				CLANG_WARN_UNREACHABLE_CODE = YES;
				CLANG_WARN__DUPLICATE_METHOD_MATCH = YES;
				"CODE_SIGN_IDENTITY[sdk=iphoneos*]" = "iPhone Developer";
				COPY_PHASE_STRIP = NO;
				DEBUG_INFORMATION_FORMAT = dwarf;
				ENABLE_STRICT_OBJC_MSGSEND = YES;
				ENABLE_TESTABILITY = YES;
				GCC_C_LANGUAGE_STANDARD = gnu99;
				GCC_DYNAMIC_NO_PIC = NO;
				GCC_NO_COMMON_BLOCKS = YES;
				GCC_OPTIMIZATION_LEVEL = 0;
				GCC_PREPROCESSOR_DEFINITIONS = (
					"DEBUG=1",
					"$(inherited)",
				);
				GCC_WARN_64_TO_32_BIT_CONVERSION = YES;
				GCC_WARN_ABOUT_RETURN_TYPE = YES_ERROR;
				GCC_WARN_UNDECLARED_SELECTOR = YES;
				GCC_WARN_UNINITIALIZED_AUTOS = YES_AGGRESSIVE;
				GCC_WARN_UNUSED_FUNCTION = YES;
				GCC_WARN_UNUSED_VARIABLE = YES;
				IPHONEOS_DEPLOYMENT_TARGET = 10.0;
				MTL_ENABLE_DEBUG_INFO = YES;
				ONLY_ACTIVE_ARCH = YES;
				SDKROOT = iphoneos;
				SWIFT_ACTIVE_COMPILATION_CONDITIONS = DEBUG;
				SWIFT_OPTIMIZATION_LEVEL = "-Onone";
				TARGETED_DEVICE_FAMILY = "1,2";
			};
			name = Debug;
		};
		06EE76101DF66DF30016769C /* Release */ = {
			isa = XCBuildConfiguration;
			buildSettings = {
				ALWAYS_SEARCH_USER_PATHS = NO;
				CLANG_ANALYZER_NONNULL = YES;
				CLANG_CXX_LANGUAGE_STANDARD = "gnu++0x";
				CLANG_CXX_LIBRARY = "libc++";
				CLANG_ENABLE_MODULES = YES;
				CLANG_ENABLE_OBJC_ARC = YES;
				CLANG_WARN_BOOL_CONVERSION = YES;
				CLANG_WARN_CONSTANT_CONVERSION = YES;
				CLANG_WARN_DIRECT_OBJC_ISA_USAGE = YES_ERROR;
				CLANG_WARN_DOCUMENTATION_COMMENTS = YES;
				CLANG_WARN_EMPTY_BODY = YES;
				CLANG_WARN_ENUM_CONVERSION = YES;
				CLANG_WARN_INFINITE_RECURSION = YES;
				CLANG_WARN_INT_CONVERSION = YES;
				CLANG_WARN_OBJC_ROOT_CLASS = YES_ERROR;
				CLANG_WARN_SUSPICIOUS_MOVES = YES;
				CLANG_WARN_UNREACHABLE_CODE = YES;
				CLANG_WARN__DUPLICATE_METHOD_MATCH = YES;
				"CODE_SIGN_IDENTITY[sdk=iphoneos*]" = "iPhone Developer";
				COPY_PHASE_STRIP = NO;
				DEBUG_INFORMATION_FORMAT = "dwarf-with-dsym";
				ENABLE_NS_ASSERTIONS = NO;
				ENABLE_STRICT_OBJC_MSGSEND = YES;
				GCC_C_LANGUAGE_STANDARD = gnu99;
				GCC_NO_COMMON_BLOCKS = YES;
				GCC_WARN_64_TO_32_BIT_CONVERSION = YES;
				GCC_WARN_ABOUT_RETURN_TYPE = YES_ERROR;
				GCC_WARN_UNDECLARED_SELECTOR = YES;
				GCC_WARN_UNINITIALIZED_AUTOS = YES_AGGRESSIVE;
				GCC_WARN_UNUSED_FUNCTION = YES;
				GCC_WARN_UNUSED_VARIABLE = YES;
				IPHONEOS_DEPLOYMENT_TARGET = 10.0;
				MTL_ENABLE_DEBUG_INFO = NO;
				SDKROOT = iphoneos;
				SWIFT_OPTIMIZATION_LEVEL = "-Owholemodule";
				TARGETED_DEVICE_FAMILY = "1,2";
				VALIDATE_PRODUCT = YES;
			};
			name = Release;
		};
		06EE76121DF66DF30016769C /* Debug */ = {
			isa = XCBuildConfiguration;
			buildSettings = {
				ASSETCATALOG_COMPILER_APPICON_NAME = AppIcon;
				DEVELOPMENT_TEAM = V7BN5C929S;
				INFOPLIST_FILE = JFGame/Info.plist;
				LD_RUNPATH_SEARCH_PATHS = "$(inherited) @executable_path/Frameworks";
				PRODUCT_BUNDLE_IDENTIFIER = com.jackfrye.JFGame;
				PRODUCT_NAME = "$(TARGET_NAME)";
				SWIFT_VERSION = 3.0;
			};
			name = Debug;
		};
		06EE76131DF66DF30016769C /* Release */ = {
			isa = XCBuildConfiguration;
			buildSettings = {
				ASSETCATALOG_COMPILER_APPICON_NAME = AppIcon;
				DEVELOPMENT_TEAM = V7BN5C929S;
				INFOPLIST_FILE = JFGame/Info.plist;
				LD_RUNPATH_SEARCH_PATHS = "$(inherited) @executable_path/Frameworks";
				PRODUCT_BUNDLE_IDENTIFIER = com.jackfrye.JFGame;
				PRODUCT_NAME = "$(TARGET_NAME)";
				SWIFT_VERSION = 3.0;
			};
			name = Release;
		};
		06EE76151DF66DF30016769C /* Debug */ = {
			isa = XCBuildConfiguration;
			buildSettings = {
				BUNDLE_LOADER = "$(TEST_HOST)";
				DEVELOPMENT_TEAM = V7BN5C929S;
				INFOPLIST_FILE = JFGameTests/Info.plist;
				LD_RUNPATH_SEARCH_PATHS = "$(inherited) @executable_path/Frameworks @loader_path/Frameworks";
				PRODUCT_BUNDLE_IDENTIFIER = com.jackfrye.JFGameTests;
				PRODUCT_NAME = "$(TARGET_NAME)";
				SWIFT_VERSION = 3.0;
				TEST_HOST = "$(BUILT_PRODUCTS_DIR)/JFGame.app/JFGame";
			};
			name = Debug;
		};
		06EE76161DF66DF30016769C /* Release */ = {
			isa = XCBuildConfiguration;
			buildSettings = {
				BUNDLE_LOADER = "$(TEST_HOST)";
				DEVELOPMENT_TEAM = V7BN5C929S;
				INFOPLIST_FILE = JFGameTests/Info.plist;
				LD_RUNPATH_SEARCH_PATHS = "$(inherited) @executable_path/Frameworks @loader_path/Frameworks";
				PRODUCT_BUNDLE_IDENTIFIER = com.jackfrye.JFGameTests;
				PRODUCT_NAME = "$(TARGET_NAME)";
				SWIFT_VERSION = 3.0;
				TEST_HOST = "$(BUILT_PRODUCTS_DIR)/JFGame.app/JFGame";
			};
			name = Release;
		};
		06EE76181DF66DF30016769C /* Debug */ = {
			isa = XCBuildConfiguration;
			buildSettings = {
				DEVELOPMENT_TEAM = V7BN5C929S;
				INFOPLIST_FILE = JFGameUITests/Info.plist;
				LD_RUNPATH_SEARCH_PATHS = "$(inherited) @executable_path/Frameworks @loader_path/Frameworks";
				PRODUCT_BUNDLE_IDENTIFIER = com.jackfrye.JFGameUITests;
				PRODUCT_NAME = "$(TARGET_NAME)";
				SWIFT_VERSION = 3.0;
				TEST_TARGET_NAME = JFGame;
			};
			name = Debug;
		};
		06EE76191DF66DF30016769C /* Release */ = {
			isa = XCBuildConfiguration;
			buildSettings = {
				DEVELOPMENT_TEAM = V7BN5C929S;
				INFOPLIST_FILE = JFGameUITests/Info.plist;
				LD_RUNPATH_SEARCH_PATHS = "$(inherited) @executable_path/Frameworks @loader_path/Frameworks";
				PRODUCT_BUNDLE_IDENTIFIER = com.jackfrye.JFGameUITests;
				PRODUCT_NAME = "$(TARGET_NAME)";
				SWIFT_VERSION = 3.0;
				TEST_TARGET_NAME = JFGame;
			};
			name = Release;
		};
/* End XCBuildConfiguration section */

/* Begin XCConfigurationList section */
		06EE75DE1DF66DF30016769C /* Build configuration list for PBXProject "JFGame" */ = {
			isa = XCConfigurationList;
			buildConfigurations = (
				06EE760F1DF66DF30016769C /* Debug */,
				06EE76101DF66DF30016769C /* Release */,
			);
			defaultConfigurationIsVisible = 0;
			defaultConfigurationName = Release;
		};
		06EE76111DF66DF30016769C /* Build configuration list for PBXNativeTarget "JFGame" */ = {
			isa = XCConfigurationList;
			buildConfigurations = (
				06EE76121DF66DF30016769C /* Debug */,
				06EE76131DF66DF30016769C /* Release */,
			);
			defaultConfigurationIsVisible = 0;
			defaultConfigurationName = Release;
		};
		06EE76141DF66DF30016769C /* Build configuration list for PBXNativeTarget "JFGameTests" */ = {
			isa = XCConfigurationList;
			buildConfigurations = (
				06EE76151DF66DF30016769C /* Debug */,
				06EE76161DF66DF30016769C /* Release */,
			);
			defaultConfigurationIsVisible = 0;
			defaultConfigurationName = Release;
		};
		06EE76171DF66DF30016769C /* Build configuration list for PBXNativeTarget "JFGameUITests" */ = {
			isa = XCConfigurationList;
			buildConfigurations = (
				06EE76181DF66DF30016769C /* Debug */,
				06EE76191DF66DF30016769C /* Release */,
			);
			defaultConfigurationIsVisible = 0;
			defaultConfigurationName = Release;
		};
/* End XCConfigurationList section */
	};
	rootObject = 06EE75DB1DF66DF30016769C /* Project object */;
}
